
Microsoft Visual Studio Solution File, Format Version 12.00
# Visual Studio 14
VisualStudioVersion = 14.0.25123.0
MinimumVisualStudioVersion = 10.0.40219.1
Project("{8BC9CEB8-8B4A-11D0-8D11-00A0C91BC942}") = "Robot_1", "Robot_1\Robot_1.vcxproj", "{26C29277-7D76-4ED4-97FC-C634F92977FA}"
EndProject
Global
	GlobalSection(SolutionConfigurationPlatforms) = preSolution
		Debug|ARM = Debug|ARM
		Debug|x86 = Debug|x86
		Release|ARM = Release|ARM
		Release|x86 = Release|x86
	EndGlobalSection
	GlobalSection(ProjectConfigurationPlatforms) = postSolution
		{26C29277-7D76-4ED4-97FC-C634F92977FA}.Debug|ARM.ActiveCfg = Debug|ARM
		{26C29277-7D76-4ED4-97FC-C634F92977FA}.Debug|ARM.Build.0 = Debug|ARM
		{26C29277-7D76-4ED4-97FC-C634F92977FA}.Debug|ARM.Deploy.0 = Debug|ARM
		{26C29277-7D76-4ED4-97FC-C634F92977FA}.Debug|x86.ActiveCfg = Debug|Win32
		{26C29277-7D76-4ED4-97FC-C634F92977FA}.Debug|x86.Build.0 = Debug|Win32
		{26C29277-7D76-4ED4-97FC-C634F92977FA}.Debug|x86.Deploy.0 = Debug|Win32
		{26C29277-7D76-4ED4-97FC-C634F92977FA}.Release|ARM.ActiveCfg = Release|ARM
		{26C29277-7D76-4ED4-97FC-C634F92977FA}.Release|ARM.Build.0 = Release|ARM
		{26C29277-7D76-4ED4-97FC-C634F92977FA}.Release|ARM.Deploy.0 = Release|ARM
		{26C29277-7D76-4ED4-97FC-C634F92977FA}.Release|x86.ActiveCfg = Release|Win32
		{26C29277-7D76-4ED4-97FC-C634F92977FA}.Release|x86.Build.0 = Release|Win32
		{26C29277-7D76-4ED4-97FC-C634F92977FA}.Release|x86.Deploy.0 = Release|Win32
	EndGlobalSection
	GlobalSection(SolutionProperties) = preSolution
		HideSolutionNode = FALSE
	EndGlobalSection
EndGlobal
